
Microsoft Visual Studio Solution File, Format Version 12.00
# Visual Studio Version 17
VisualStudioVersion = 17.7.34024.191
MinimumVisualStudioVersion = 10.0.40219.1
Project("{8BC9CEB8-8B4A-11D0-8D11-00A0C91BC942}") = "Lab 6.1", "Lab 6.1\Lab 6.1.vcxproj", "{9E2126EA-0023-4223-B1A9-A637D580E559}"
EndProject
Project("{8BC9CEB8-8B4A-11D0-8D11-00A0C91BC942}") = "UnitTest1", "UnitTest1\UnitTest1.vcxproj", "{CC54558A-63B8-40FE-8353-4EF799045CF8}"
EndProject
Global
	GlobalSection(SolutionConfigurationPlatforms) = preSolution
		Debug|x64 = Debug|x64
		Debug|x86 = Debug|x86
		Release|x64 = Release|x64
		Release|x86 = Release|x86
	EndGlobalSection
	GlobalSection(ProjectConfigurationPlatforms) = postSolution
		{9E2126EA-0023-4223-B1A9-A637D580E559}.Debug|x64.ActiveCfg = Debug|x64
		{9E2126EA-0023-4223-B1A9-A637D580E559}.Debug|x64.Build.0 = Debug|x64
		{9E2126EA-0023-4223-B1A9-A637D580E559}.Debug|x86.ActiveCfg = Debug|Win32
		{9E2126EA-0023-4223-B1A9-A637D580E559}.Debug|x86.Build.0 = Debug|Win32
		{9E2126EA-0023-4223-B1A9-A637D580E559}.Release|x64.ActiveCfg = Release|x64
		{9E2126EA-0023-4223-B1A9-A637D580E559}.Release|x64.Build.0 = Release|x64
		{9E2126EA-0023-4223-B1A9-A637D580E559}.Release|x86.ActiveCfg = Release|Win32
		{9E2126EA-0023-4223-B1A9-A637D580E559}.Release|x86.Build.0 = Release|Win32
		{CC54558A-63B8-40FE-8353-4EF799045CF8}.Debug|x64.ActiveCfg = Debug|x64
		{CC54558A-63B8-40FE-8353-4EF799045CF8}.Debug|x64.Build.0 = Debug|x64
		{CC54558A-63B8-40FE-8353-4EF799045CF8}.Debug|x86.ActiveCfg = Debug|Win32
		{CC54558A-63B8-40FE-8353-4EF799045CF8}.Debug|x86.Build.0 = Debug|Win32
		{CC54558A-63B8-40FE-8353-4EF799045CF8}.Release|x64.ActiveCfg = Release|x64
		{CC54558A-63B8-40FE-8353-4EF799045CF8}.Release|x64.Build.0 = Release|x64
		{CC54558A-63B8-40FE-8353-4EF799045CF8}.Release|x86.ActiveCfg = Release|Win32
		{CC54558A-63B8-40FE-8353-4EF799045CF8}.Release|x86.Build.0 = Release|Win32
	EndGlobalSection
	GlobalSection(SolutionProperties) = preSolution
		HideSolutionNode = FALSE
	EndGlobalSection
	GlobalSection(ExtensibilityGlobals) = postSolution
		SolutionGuid = {A8424F6A-F5EC-4D85-85F4-140932A3D5CE}
	EndGlobalSection
EndGlobal
